
Microsoft Visual Studio Solution File, Format Version 12.00
# Visual Studio Version 17
VisualStudioVersion = 17.7.34024.191
MinimumVisualStudioVersion = 10.0.40219.1
Project("{FAE04EC0-301F-11D3-BF4B-00C04F79EFBC}") = "LOGGIN-AGENDA", "LOGGIN-AGENDA\LOGGIN-AGENDA.csproj", "{4212D446-E386-4ABE-BFC9-7371F241DC1F}"
EndProject
Global
	GlobalSection(SolutionConfigurationPlatforms) = preSolution
		Debug|Any CPU = Debug|Any CPU
		Release|Any CPU = Release|Any CPU
	EndGlobalSection
	GlobalSection(ProjectConfigurationPlatforms) = postSolution
		{4212D446-E386-4ABE-BFC9-7371F241DC1F}.Debug|Any CPU.ActiveCfg = Debug|Any CPU
		{4212D446-E386-4ABE-BFC9-7371F241DC1F}.Debug|Any CPU.Build.0 = Debug|Any CPU
		{4212D446-E386-4ABE-BFC9-7371F241DC1F}.Release|Any CPU.ActiveCfg = Release|Any CPU
		{4212D446-E386-4ABE-BFC9-7371F241DC1F}.Release|Any CPU.Build.0 = Release|Any CPU
	EndGlobalSection
	GlobalSection(SolutionProperties) = preSolution
		HideSolutionNode = FALSE
	EndGlobalSection
	GlobalSection(ExtensibilityGlobals) = postSolution
		SolutionGuid = {3E737020-E455-4530-B3D3-B8B808C4B952}
	EndGlobalSection
EndGlobal
